
Microsoft Visual Studio Solution File, Format Version 12.00
# Visual Studio Version 16
VisualStudioVersion = 16.0.31702.278
MinimumVisualStudioVersion = 10.0.40219.1
Project("{9A19103F-16F7-4668-BE54-9A1E7A4F7556}") = "Website", "Website\Website.csproj", "{04180328-52DE-435E-878F-02C493B78355}"
EndProject
Project("{9A19103F-16F7-4668-BE54-9A1E7A4F7556}") = "Database.DAL", "Database.DAL\Database.DAL.csproj", "{56B57208-B707-4B5F-878B-7A81C2A7A55C}"
EndProject
Project("{9A19103F-16F7-4668-BE54-9A1E7A4F7556}") = "Database.Builder", "Database.Builder\Database.Builder.csproj", "{82351216-73FE-4436-9948-8A566B401D55}"
EndProject
Project("{9A19103F-16F7-4668-BE54-9A1E7A4F7556}") = "Database.Interfaces", "Database.Interfaces\Database.Interfaces.csproj", "{B7C37467-B34F-4588-9AD7-5C580701CD9F}"
EndProject
Project("{9A19103F-16F7-4668-BE54-9A1E7A4F7556}") = "Website.Tests", "Website.Tests\Website.Tests.csproj", "{A1F0283F-61E4-4E70-8B41-F5FB268FBB03}"
EndProject
Project("{9A19103F-16F7-4668-BE54-9A1E7A4F7556}") = "Services.Tests", "Services.Tests\Services.Tests.csproj", "{EEE3EAE7-85A2-41A9-8C23-F9E01B80BE60}"
EndProject
Global
	GlobalSection(SolutionConfigurationPlatforms) = preSolution
		Debug|Any CPU = Debug|Any CPU
		Release|Any CPU = Release|Any CPU
	EndGlobalSection
	GlobalSection(ProjectConfigurationPlatforms) = postSolution
		{04180328-52DE-435E-878F-02C493B78355}.Debug|Any CPU.ActiveCfg = Debug|Any CPU
		{04180328-52DE-435E-878F-02C493B78355}.Debug|Any CPU.Build.0 = Debug|Any CPU
		{04180328-52DE-435E-878F-02C493B78355}.Release|Any CPU.ActiveCfg = Release|Any CPU
		{04180328-52DE-435E-878F-02C493B78355}.Release|Any CPU.Build.0 = Release|Any CPU
		{56B57208-B707-4B5F-878B-7A81C2A7A55C}.Debug|Any CPU.ActiveCfg = Debug|Any CPU
		{56B57208-B707-4B5F-878B-7A81C2A7A55C}.Debug|Any CPU.Build.0 = Debug|Any CPU
		{56B57208-B707-4B5F-878B-7A81C2A7A55C}.Release|Any CPU.ActiveCfg = Release|Any CPU
		{56B57208-B707-4B5F-878B-7A81C2A7A55C}.Release|Any CPU.Build.0 = Release|Any CPU
		{82351216-73FE-4436-9948-8A566B401D55}.Debug|Any CPU.ActiveCfg = Debug|Any CPU
		{82351216-73FE-4436-9948-8A566B401D55}.Debug|Any CPU.Build.0 = Debug|Any CPU
		{82351216-73FE-4436-9948-8A566B401D55}.Release|Any CPU.ActiveCfg = Release|Any CPU
		{82351216-73FE-4436-9948-8A566B401D55}.Release|Any CPU.Build.0 = Release|Any CPU
		{B7C37467-B34F-4588-9AD7-5C580701CD9F}.Debug|Any CPU.ActiveCfg = Debug|Any CPU
		{B7C37467-B34F-4588-9AD7-5C580701CD9F}.Debug|Any CPU.Build.0 = Debug|Any CPU
		{B7C37467-B34F-4588-9AD7-5C580701CD9F}.Release|Any CPU.ActiveCfg = Release|Any CPU
		{B7C37467-B34F-4588-9AD7-5C580701CD9F}.Release|Any CPU.Build.0 = Release|Any CPU
		{A1F0283F-61E4-4E70-8B41-F5FB268FBB03}.Debug|Any CPU.ActiveCfg = Debug|Any CPU
		{A1F0283F-61E4-4E70-8B41-F5FB268FBB03}.Debug|Any CPU.Build.0 = Debug|Any CPU
		{A1F0283F-61E4-4E70-8B41-F5FB268FBB03}.Release|Any CPU.ActiveCfg = Release|Any CPU
		{A1F0283F-61E4-4E70-8B41-F5FB268FBB03}.Release|Any CPU.Build.0 = Release|Any CPU
		{EEE3EAE7-85A2-41A9-8C23-F9E01B80BE60}.Debug|Any CPU.ActiveCfg = Debug|Any CPU
		{EEE3EAE7-85A2-41A9-8C23-F9E01B80BE60}.Debug|Any CPU.Build.0 = Debug|Any CPU
		{EEE3EAE7-85A2-41A9-8C23-F9E01B80BE60}.Release|Any CPU.ActiveCfg = Release|Any CPU
		{EEE3EAE7-85A2-41A9-8C23-F9E01B80BE60}.Release|Any CPU.Build.0 = Release|Any CPU
	EndGlobalSection
	GlobalSection(SolutionProperties) = preSolution
		HideSolutionNode = FALSE
	EndGlobalSection
	GlobalSection(ExtensibilityGlobals) = postSolution
		SolutionGuid = {199EA9E8-16BE-4A4A-A3C7-E5514813FB9A}
	EndGlobalSection
EndGlobal
